// !$*UTF8*$!
{
	archiveVersion = 1;
	classes = {
	};
	objectVersion = 55;
	objects = {

/* Begin PBXContainerItemProxy section */
		DBE3235F2819AD1C006DE169 /* PBXContainerItemProxy */ = {
			isa = PBXContainerItemProxy;
			containerPortal = DBE3235B2819AD1B006DE169 /* TextBook_MarketPlace.xcodeproj */;
			proxyType = 2;
			remoteGlobalIDString = DBE3234A2819AD14006DE169;
			remoteInfo = TextBook_MarketPlace;
		};
/* End PBXContainerItemProxy section */

/* Begin PBXFileReference section */
		DBE3235B2819AD1B006DE169 /* TextBook_MarketPlace.xcodeproj */ = {isa = PBXFileReference; lastKnownFileType = "wrapper.pb-project"; name = TextBook_MarketPlace.xcodeproj; path = TextBook_MarketPlace/TextBook_MarketPlace.xcodeproj; sourceTree = "<group>"; };
/* End PBXFileReference section */

/* Begin PBXGroup section */
		DBE3233A2819ACD2006DE169 = {
			isa = PBXGroup;
			children = (
				DBE3235B2819AD1B006DE169 /* TextBook_MarketPlace.xcodeproj */,
			);
			sourceTree = "<group>";
		};
		DBE3235C2819AD1B006DE169 /* Products */ = {
			isa = PBXGroup;
			children = (
				DBE323602819AD1C006DE169 /* TextBook_MarketPlace.app */,
			);
			name = Products;
			sourceTree = "<group>";
		};
/* End PBXGroup section */

/* Begin PBXProject section */
		DBE3233B2819ACD2006DE169 /* Project object */ = {
			isa = PBXProject;
			attributes = {
				BuildIndependentTargetsInParallel = 1;
				LastUpgradeCheck = 1320;
			};
			buildConfigurationList = DBE3233E2819ACD3006DE169 /* Build configuration list for PBXProject "Cloud_and_Mobile_FinalProject" */;
			compatibilityVersion = "Xcode 13.0";
			developmentRegion = en;
			hasScannedForEncodings = 0;
			knownRegions = (
				en,
				Base,
			);
			mainGroup = DBE3233A2819ACD2006DE169;
			packageReferences = (
				DBE323D2281DF519006DE169 /* XCRemoteSwiftPackageReference "GoogleSignIn-iOS" */,
			);
			projectDirPath = "";
			projectReferences = (
				{
					ProductGroup = DBE3235C2819AD1B006DE169 /* Products */;
					ProjectRef = DBE3235B2819AD1B006DE169 /* TextBook_MarketPlace.xcodeproj */;
				},
			);
			projectRoot = "";
			targets = (
			);
		};
/* End PBXProject section */

/* Begin PBXReferenceProxy section */
		DBE323602819AD1C006DE169 /* TextBook_MarketPlace.app */ = {
			isa = PBXReferenceProxy;
			fileType = wrapper.application;
			path = TextBook_MarketPlace.app;
			remoteRef = DBE3235F2819AD1C006DE169 /* PBXContainerItemProxy */;
			sourceTree = BUILT_PRODUCTS_DIR;
		};
/* End PBXReferenceProxy section */

/* Begin XCBuildConfiguration section */
		DBE3233F2819ACD3006DE169 /* Debug */ = {
			isa = XCBuildConfiguration;
			buildSettings = {
			};
			name = Debug;
		};
		DBE323402819ACD3006DE169 /* Release */ = {
			isa = XCBuildConfiguration;
			buildSettings = {
			};
			name = Release;
		};
/* End XCBuildConfiguration section */

/* Begin XCConfigurationList section */
		DBE3233E2819ACD3006DE169 /* Build configuration list for PBXProject "Cloud_and_Mobile_FinalProject" */ = {
			isa = XCConfigurationList;
			buildConfigurations = (
				DBE3233F2819ACD3006DE169 /* Debug */,
				DBE323402819ACD3006DE169 /* Release */,
			);
			defaultConfigurationIsVisible = 0;
			defaultConfigurationName = Release;
		};
/* End XCConfigurationList section */

/* Begin XCRemoteSwiftPackageReference section */
		DBE323D2281DF519006DE169 /* XCRemoteSwiftPackageReference "GoogleSignIn-iOS" */ = {
			isa = XCRemoteSwiftPackageReference;
			repositoryURL = "https://github.com/google/GoogleSignIn-iOS";
			requirement = {
				kind = upToNextMajorVersion;
				minimumVersion = 6.0.0;
			};
		};
/* End XCRemoteSwiftPackageReference section */
	};
	rootObject = DBE3233B2819ACD2006DE169 /* Project object */;
}
